
Microsoft Visual Studio Solution File, Format Version 12.00
# Visual Studio Version 16
VisualStudioVersion = 16.0.29905.134
MinimumVisualStudioVersion = 10.0.40219.1
Project("{FAE04EC0-301F-11D3-BF4B-00C04F79EFBC}") = "EsDSLGraph", "EsDSLGraph.csproj", "{2FEEA5C7-9B72-4CD0-9AA8-5E31A40411FF}"
EndProject
Global
	GlobalSection(SolutionConfigurationPlatforms) = preSolution
		Debug|Any CPU = Debug|Any CPU
		Release|Any CPU = Release|Any CPU
	EndGlobalSection
	GlobalSection(ProjectConfigurationPlatforms) = postSolution
		{2FEEA5C7-9B72-4CD0-9AA8-5E31A40411FF}.Debug|Any CPU.ActiveCfg = Debug|Any CPU
		{2FEEA5C7-9B72-4CD0-9AA8-5E31A40411FF}.Debug|Any CPU.Build.0 = Debug|Any CPU
		{2FEEA5C7-9B72-4CD0-9AA8-5E31A40411FF}.Release|Any CPU.ActiveCfg = Release|Any CPU
		{2FEEA5C7-9B72-4CD0-9AA8-5E31A40411FF}.Release|Any CPU.Build.0 = Release|Any CPU
	EndGlobalSection
	GlobalSection(SolutionProperties) = preSolution
		HideSolutionNode = FALSE
	EndGlobalSection
	GlobalSection(ExtensibilityGlobals) = postSolution
		SolutionGuid = {EEE8DE9F-0D90-47A4-93BE-7C76300AEF89}
	EndGlobalSection
EndGlobal
